Microsoft Visual Studio Solution File, Format Version 11.00
# Visual Studio 2008

Project("{F009B780-E82F-0152-718A-C9B4417991A0}") = "SolarSystemVR", "Assembly-CSharp.csproj", "{82628E4D-85DF-7BF0-3778-F44FF2AA7BF0}"
EndProject
Project("{F009B780-E82F-0152-718A-C9B4417991A0}") = "SolarSystemVR", "Assembly-CSharp-Editor.csproj", "{B7FA1768-D5AA-3927-BE1C-C94E8A5F0F10}"
EndProject
Global
	GlobalSection(SolutionConfigurationPlatforms) = preSolution
		Debug|Any CPU = Debug|Any CPU
		Release|Any CPU = Release|Any CPU
	EndGlobalSection
	GlobalSection(ProjectConfigurationPlatforms) = postSolution
		{82628E4D-85DF-7BF0-3778-F44FF2AA7BF0}.Debug|Any CPU.ActiveCfg = Debug|Any CPU
		{82628E4D-85DF-7BF0-3778-F44FF2AA7BF0}.Debug|Any CPU.Build.0 = Debug|Any CPU
		{82628E4D-85DF-7BF0-3778-F44FF2AA7BF0}.Release|Any CPU.ActiveCfg = Release|Any CPU
		{82628E4D-85DF-7BF0-3778-F44FF2AA7BF0}.Release|Any CPU.Build.0 = Release|Any CPU
		{B7FA1768-D5AA-3927-BE1C-C94E8A5F0F10}.Debug|Any CPU.ActiveCfg = Debug|Any CPU
		{B7FA1768-D5AA-3927-BE1C-C94E8A5F0F10}.Debug|Any CPU.Build.0 = Debug|Any CPU
		{B7FA1768-D5AA-3927-BE1C-C94E8A5F0F10}.Release|Any CPU.ActiveCfg = Release|Any CPU
		{B7FA1768-D5AA-3927-BE1C-C94E8A5F0F10}.Release|Any CPU.Build.0 = Release|Any CPU
	EndGlobalSection
	GlobalSection(SolutionProperties) = preSolution
		HideSolutionNode = FALSE
	EndGlobalSection
																																																										GlobalSection(MonoDevelopProperties) = preSolution
		StartupItem = Assembly-CSharp.csproj
		Policies = $0
		$0.TextStylePolicy = $1
		$1.inheritsSet = null
		$1.scope = text/x-csharp
		$0.CSharpFormattingPolicy = $2
		$2.inheritsSet = Mono
		$2.inheritsScope = text/x-csharp
		$2.scope = text/x-csharp
		$0.TextStylePolicy = $3
		$3.FileWidth = 120
		$3.TabWidth = 4
		$3.IndentWidth = 4
		$3.EolMarker = Unix
		$3.inheritsSet = Mono
		$3.inheritsScope = text/plain
		$3.scope = text/plain
	EndGlobalSection

EndGlobal
